// !$*UTF8*$!
{
	archiveVersion = 1;
	classes = {
	};
	objectVersion = 48;
	objects = {

/* Begin PBXBuildFile section */
		D13D3F871F923A2F006C4AEC /* AppDelegate.swift in Sources */ = {isa = PBXBuildFile; fileRef = D13D3F861F923A2F006C4AEC /* AppDelegate.swift */; };
		D13D3F891F923A2F006C4AEC /* ViewController.swift in Sources */ = {isa = PBXBuildFile; fileRef = D13D3F881F923A2F006C4AEC /* ViewController.swift */; };
		D13D3F8C1F923A2F006C4AEC /* Main.storyboard in Resources */ = {isa = PBXBuildFile; fileRef = D13D3F8A1F923A2F006C4AEC /* Main.storyboard */; };
		D13D3F8E1F923A2F006C4AEC /* Assets.xcassets in Resources */ = {isa = PBXBuildFile; fileRef = D13D3F8D1F923A2F006C4AEC /* Assets.xcassets */; };
		D13D3F911F923A2F006C4AEC /* LaunchScreen.storyboard in Resources */ = {isa = PBXBuildFile; fileRef = D13D3F8F1F923A2F006C4AEC /* LaunchScreen.storyboard */; };
		D13D3F991F923BBB006C4AEC /* View.xib in Resources */ = {isa = PBXBuildFile; fileRef = D13D3F981F923BBB006C4AEC /* View.xib */; };
		D13D3F9B1F923BDE006C4AEC /* File.swift in Sources */ = {isa = PBXBuildFile; fileRef = D13D3F9A1F923BDE006C4AEC /* File.swift */; };
/* End PBXBuildFile section */

/* Begin PBXFileReference section */
		D13D3F831F923A2F006C4AEC /* lightmeter.app */ = {isa = PBXFileReference; explicitFileType = wrapper.application; includeInIndex = 0; path = lightmeter.app; sourceTree = BUILT_PRODUCTS_DIR; };
		D13D3F861F923A2F006C4AEC /* AppDelegate.swift */ = {isa = PBXFileReference; lastKnownFileType = sourcecode.swift; path = AppDelegate.swift; sourceTree = "<group>"; };
		D13D3F881F923A2F006C4AEC /* ViewController.swift */ = {isa = PBXFileReference; lastKnownFileType = sourcecode.swift; path = ViewController.swift; sourceTree = "<group>"; };
		D13D3F8B1F923A2F006C4AEC /* Base */ = {isa = PBXFileReference; lastKnownFileType = file.storyboard; name = Base; path = Base.lproj/Main.storyboard; sourceTree = "<group>"; };
		D13D3F8D1F923A2F006C4AEC /* Assets.xcassets */ = {isa = PBXFileReference; lastKnownFileType = folder.assetcatalog; path = Assets.xcassets; sourceTree = "<group>"; };
		D13D3F901F923A2F006C4AEC /* Base */ = {isa = PBXFileReference; lastKnownFileType = file.storyboard; name = Base; path = Base.lproj/LaunchScreen.storyboard; sourceTree = "<group>"; };
		D13D3F921F923A2F006C4AEC /* Info.plist */ = {isa = PBXFileReference; lastKnownFileType = text.plist.xml; path = Info.plist; sourceTree = "<group>"; };
		D13D3F981F923BBB006C4AEC /* View.xib */ = {isa = PBXFileReference; lastKnownFileType = file.xib; path = View.xib; sourceTree = "<group>"; };
		D13D3F9A1F923BDE006C4AEC /* File.swift */ = {isa = PBXFileReference; lastKnownFileType = sourcecode.swift; path = File.swift; sourceTree = "<group>"; };
/* End PBXFileReference section */

/* Begin PBXFrameworksBuildPhase section */
		D13D3F801F923A2F006C4AEC /* Frameworks */ = {
			isa = PBXFrameworksBuildPhase;
			buildActionMask = 2147483647;
			files = (
			);
			runOnlyForDeploymentPostprocessing = 0;
		};
/* End PBXFrameworksBuildPhase section */

/* Begin PBXGroup section */
		D13D3F7A1F923A2F006C4AEC = {
			isa = PBXGroup;
			children = (
				D13D3F851F923A2F006C4AEC /* lightmeter */,
				D13D3F841F923A2F006C4AEC /* Products */,
			);
			sourceTree = "<group>";
		};
		D13D3F841F923A2F006C4AEC /* Products */ = {
			isa = PBXGroup;
			children = (
				D13D3F831F923A2F006C4AEC /* lightmeter.app */,
			);
			name = Products;
			sourceTree = "<group>";
		};
		D13D3F851F923A2F006C4AEC /* lightmeter */ = {
			isa = PBXGroup;
			children = (
				D13D3F861F923A2F006C4AEC /* AppDelegate.swift */,
				D13D3F881F923A2F006C4AEC /* ViewController.swift */,
				D13D3F9A1F923BDE006C4AEC /* File.swift */,
				D13D3F8A1F923A2F006C4AEC /* Main.storyboard */,
				D13D3F8D1F923A2F006C4AEC /* Assets.xcassets */,
				D13D3F8F1F923A2F006C4AEC /* LaunchScreen.storyboard */,
				D13D3F921F923A2F006C4AEC /* Info.plist */,
				D13D3F981F923BBB006C4AEC /* View.xib */,
			);
			path = lightmeter;
			sourceTree = "<group>";
		};
/* End PBXGroup section */

/* Begin PBXNativeTarget section */
		D13D3F821F923A2F006C4AEC /* lightmeter */ = {
			isa = PBXNativeTarget;
			buildConfigurationList = D13D3F951F923A2F006C4AEC /* Build configuration list for PBXNativeTarget "lightmeter" */;
			buildPhases = (
				D13D3F7F1F923A2F006C4AEC /* Sources */,
				D13D3F801F923A2F006C4AEC /* Frameworks */,
				D13D3F811F923A2F006C4AEC /* Resources */,
			);
			buildRules = (
			);
			dependencies = (
			);
			name = lightmeter;
			productName = lightmeter;
			productReference = D13D3F831F923A2F006C4AEC /* lightmeter.app */;
			productType = "com.apple.product-type.application";
		};
/* End PBXNativeTarget section */

/* Begin PBXProject section */
		D13D3F7B1F923A2F006C4AEC /* Project object */ = {
			isa = PBXProject;
			attributes = {
				LastSwiftUpdateCheck = 0900;
				LastUpgradeCheck = 0900;
				ORGANIZATIONNAME = "Yuto Takagi";
				TargetAttributes = {
					D13D3F821F923A2F006C4AEC = {
						CreatedOnToolsVersion = 9.0;
						ProvisioningStyle = Automatic;
					};
				};
			};
			buildConfigurationList = D13D3F7E1F923A2F006C4AEC /* Build configuration list for PBXProject "lightmeter" */;
			compatibilityVersion = "Xcode 8.0";
			developmentRegion = en;
			hasScannedForEncodings = 0;
			knownRegions = (
				en,
				Base,
			);
			mainGroup = D13D3F7A1F923A2F006C4AEC;
			productRefGroup = D13D3F841F923A2F006C4AEC /* Products */;
			projectDirPath = "";
			projectRoot = "";
			targets = (
				D13D3F821F923A2F006C4AEC /* lightmeter */,
			);
		};
/* End PBXProject section */

/* Begin PBXResourcesBuildPhase section */
		D13D3F811F923A2F006C4AEC /* Resources */ = {
			isa = PBXResourcesBuildPhase;
			buildActionMask = 2147483647;
			files = (
				D13D3F991F923BBB006C4AEC /* View.xib in Resources */,
				D13D3F911F923A2F006C4AEC /* LaunchScreen.storyboard in Resources */,
				D13D3F8E1F923A2F006C4AEC /* Assets.xcassets in Resources */,
				D13D3F8C1F923A2F006C4AEC /* Main.storyboard in Resources */,
			);
			runOnlyForDeploymentPostprocessing = 0;
		};
/* End PBXResourcesBuildPhase section */

/* Begin PBXSourcesBuildPhase section */
		D13D3F7F1F923A2F006C4AEC /* Sources */ = {
			isa = PBXSourcesBuildPhase;
			buildActionMask = 2147483647;
			files = (
				D13D3F891F923A2F006C4AEC /* ViewController.swift in Sources */,
				D13D3F9B1F923BDE006C4AEC /* File.swift in Sources */,
				D13D3F871F923A2F006C4AEC /* AppDelegate.swift in Sources */,
			);
			runOnlyForDeploymentPostprocessing = 0;
		};
/* End PBXSourcesBuildPhase section */

/* Begin PBXVariantGroup section */
		D13D3F8A1F923A2F006C4AEC /* Main.storyboard */ = {
			isa = PBXVariantGroup;
			children = (
				D13D3F8B1F923A2F006C4AEC /* Base */,
			);
			name = Main.storyboard;
			sourceTree = "<group>";
		};
		D13D3F8F1F923A2F006C4AEC /* LaunchScreen.storyboard */ = {
			isa = PBXVariantGroup;
			children = (
				D13D3F901F923A2F006C4AEC /* Base */,
			);
			name = LaunchScreen.storyboard;
			sourceTree = "<group>";
		};
/* End PBXVariantGroup section */

/* Begin XCBuildConfiguration section */
		D13D3F931F923A2F006C4AEC /* Debug */ = {
			isa = XCBuildConfiguration;
			buildSettings = {
				ALWAYS_SEARCH_USER_PATHS = NO;
				CLANG_ANALYZER_NONNULL = YES;
				CLANG_ANALYZER_NUMBER_OBJECT_CONVERSION = YES_AGGRESSIVE;
				CLANG_CXX_LANGUAGE_STANDARD = "gnu++14";
				CLANG_CXX_LIBRARY = "libc++";
				CLANG_ENABLE_MODULES = YES;
				CLANG_ENABLE_OBJC_ARC = YES;
				CLANG_WARN_BLOCK_CAPTURE_AUTORELEASING = YES;
				CLANG_WARN_BOOL_CONVERSION = YES;
				CLANG_WARN_COMMA = YES;
				CLANG_WARN_CONSTANT_CONVERSION = YES;
				CLANG_WARN_DIRECT_OBJC_ISA_USAGE = YES_ERROR;
				CLANG_WARN_DOCUMENTATION_COMMENTS = YES;
				CLANG_WARN_EMPTY_BODY = YES;
				CLANG_WARN_ENUM_CONVERSION = YES;
				CLANG_WARN_INFINITE_RECURSION = YES;
				CLANG_WARN_INT_CONVERSION = YES;
				CLANG_WARN_NON_LITERAL_NULL_CONVERSION = YES;
				CLANG_WARN_OBJC_LITERAL_CONVERSION = YES;
				CLANG_WARN_OBJC_ROOT_CLASS = YES_ERROR;
				CLANG_WARN_RANGE_LOOP_ANALYSIS = YES;
				CLANG_WARN_STRICT_PROTOTYPES = YES;
				CLANG_WARN_SUSPICIOUS_MOVE = YES;
				CLANG_WARN_UNGUARDED_AVAILABILITY = YES_AGGRESSIVE;
				CLANG_WARN_UNREACHABLE_CODE = YES;
				CLANG_WARN__DUPLICATE_METHOD_MATCH = YES;
				CODE_SIGN_IDENTITY = "iPhone Developer";
				COPY_PHASE_STRIP = NO;
				DEBUG_INFORMATION_FORMAT = dwarf;
				ENABLE_STRICT_OBJC_MSGSEND = YES;
				ENABLE_TESTABILITY = YES;
				GCC_C_LANGUAGE_STANDARD = gnu11;
				GCC_DYNAMIC_NO_PIC = NO;
				GCC_NO_COMMON_BLOCKS = YES;
				GCC_OPTIMIZATION_LEVEL = 0;
				GCC_PREPROCESSOR_DEFINITIONS = (
					"DEBUG=1",
					"$(inherited)",
				);
				GCC_WARN_64_TO_32_BIT_CONVERSION = YES;
				GCC_WARN_ABOUT_RETURN_TYPE = YES_ERROR;
				GCC_WARN_UNDECLARED_SELECTOR = YES;
				GCC_WARN_UNINITIALIZED_AUTOS = YES_AGGRESSIVE;
				GCC_WARN_UNUSED_FUNCTION = YES;
				GCC_WARN_UNUSED_VARIABLE = YES;
				IPHONEOS_DEPLOYMENT_TARGET = 11.0;
				MTL_ENABLE_DEBUG_INFO = YES;
				ONLY_ACTIVE_ARCH = YES;
				SDKROOT = iphoneos;
				SWIFT_ACTIVE_COMPILATION_CONDITIONS = DEBUG;
				SWIFT_OPTIMIZATION_LEVEL = "-Onone";
			};
			name = Debug;
		};
		D13D3F941F923A2F006C4AEC /* Release */ = {
			isa = XCBuildConfiguration;
			buildSettings = {
				ALWAYS_SEARCH_USER_PATHS = NO;
				CLANG_ANALYZER_NONNULL = YES;
				CLANG_ANALYZER_NUMBER_OBJECT_CONVERSION = YES_AGGRESSIVE;
				CLANG_CXX_LANGUAGE_STANDARD = "gnu++14";
				CLANG_CXX_LIBRARY = "libc++";
				CLANG_ENABLE_MODULES = YES;
				CLANG_ENABLE_OBJC_ARC = YES;
				CLANG_WARN_BLOCK_CAPTURE_AUTORELEASING = YES;
				CLANG_WARN_BOOL_CONVERSION = YES;
				CLANG_WARN_COMMA = YES;
				CLANG_WARN_CONSTANT_CONVERSION = YES;
				CLANG_WARN_DIRECT_OBJC_ISA_USAGE = YES_ERROR;
				CLANG_WARN_DOCUMENTATION_COMMENTS = YES;
				CLANG_WARN_EMPTY_BODY = YES;
				CLANG_WARN_ENUM_CONVERSION = YES;
				CLANG_WARN_INFINITE_RECURSION = YES;
				CLANG_WARN_INT_CONVERSION = YES;
				CLANG_WARN_NON_LITERAL_NULL_CONVERSION = YES;
				CLANG_WARN_OBJC_LITERAL_CONVERSION = YES;
				CLANG_WARN_OBJC_ROOT_CLASS = YES_ERROR;
				CLANG_WARN_RANGE_LOOP_ANALYSIS = YES;
				CLANG_WARN_STRICT_PROTOTYPES = YES;
				CLANG_WARN_SUSPICIOUS_MOVE = YES;
				CLANG_WARN_UNGUARDED_AVAILABILITY = YES_AGGRESSIVE;
				CLANG_WARN_UNREACHABLE_CODE = YES;
				CLANG_WARN__DUPLICATE_METHOD_MATCH = YES;
				CODE_SIGN_IDENTITY = "iPhone Developer";
				COPY_PHASE_STRIP = NO;
				DEBUG_INFORMATION_FORMAT = "dwarf-with-dsym";
				ENABLE_NS_ASSERTIONS = NO;
				ENABLE_STRICT_OBJC_MSGSEND = YES;
				GCC_C_LANGUAGE_STANDARD = gnu11;
				GCC_NO_COMMON_BLOCKS = YES;
				GCC_WARN_64_TO_32_BIT_CONVERSION = YES;
				GCC_WARN_ABOUT_RETURN_TYPE = YES_ERROR;
				GCC_WARN_UNDECLARED_SELECTOR = YES;
				GCC_WARN_UNINITIALIZED_AUTOS = YES_AGGRESSIVE;
				GCC_WARN_UNUSED_FUNCTION = YES;
				GCC_WARN_UNUSED_VARIABLE = YES;
				IPHONEOS_DEPLOYMENT_TARGET = 11.0;
				MTL_ENABLE_DEBUG_INFO = NO;
				SDKROOT = iphoneos;
				SWIFT_OPTIMIZATION_LEVEL = "-Owholemodule";
				VALIDATE_PRODUCT = YES;
			};
			name = Release;
		};
		D13D3F961F923A2F006C4AEC /* Debug */ = {
			isa = XCBuildConfiguration;
			buildSettings = {
				ASSETCATALOG_COMPILER_APPICON_NAME = AppIcon;
				CODE_SIGN_STYLE = Automatic;
				DEVELOPMENT_TEAM = EGUD38H938;
				INFOPLIST_FILE = lightmeter/Info.plist;
				IPHONEOS_DEPLOYMENT_TARGET = 10.0;
				LD_RUNPATH_SEARCH_PATHS = "$(inherited) @executable_path/Frameworks";
				PRODUCT_BUNDLE_IDENTIFIER = yuto.lightmeter;
				PRODUCT_NAME = "$(TARGET_NAME)";
				SWIFT_VERSION = 4.0;
				TARGETED_DEVICE_FAMILY = 1;
			};
			name = Debug;
		};
		D13D3F971F923A2F006C4AEC /* Release */ = {
			isa = XCBuildConfiguration;
			buildSettings = {
				ASSETCATALOG_COMPILER_APPICON_NAME = AppIcon;
				CODE_SIGN_STYLE = Automatic;
				DEVELOPMENT_TEAM = EGUD38H938;
				INFOPLIST_FILE = lightmeter/Info.plist;
				IPHONEOS_DEPLOYMENT_TARGET = 10.0;
				LD_RUNPATH_SEARCH_PATHS = "$(inherited) @executable_path/Frameworks";
				PRODUCT_BUNDLE_IDENTIFIER = yuto.lightmeter;
				PRODUCT_NAME = "$(TARGET_NAME)";
				SWIFT_VERSION = 4.0;
				TARGETED_DEVICE_FAMILY = 1;
			};
			name = Release;
		};
/* End XCBuildConfiguration section */

/* Begin XCConfigurationList section */
		D13D3F7E1F923A2F006C4AEC /* Build configuration list for PBXProject "lightmeter" */ = {
			isa = XCConfigurationList;
			buildConfigurations = (
				D13D3F931F923A2F006C4AEC /* Debug */,
				D13D3F941F923A2F006C4AEC /* Release */,
			);
			defaultConfigurationIsVisible = 0;
			defaultConfigurationName = Release;
		};
		D13D3F951F923A2F006C4AEC /* Build configuration list for PBXNativeTarget "lightmeter" */ = {
			isa = XCConfigurationList;
			buildConfigurations = (
				D13D3F961F923A2F006C4AEC /* Debug */,
				D13D3F971F923A2F006C4AEC /* Release */,
			);
			defaultConfigurationIsVisible = 0;
			defaultConfigurationName = Release;
		};
/* End XCConfigurationList section */
	};
	rootObject = D13D3F7B1F923A2F006C4AEC /* Project object */;
}
